
Microsoft Visual Studio Solution File, Format Version 12.00
# Visual Studio 15
VisualStudioVersion = 15.0.26730.16
MinimumVisualStudioVersion = 10.0.40219.1
Project("{FAE04EC0-301F-11D3-BF4B-00C04F79EFBC}") = "MyClock", "MyClock\MyClock.csproj", "{04E03E87-EE9C-4705-91B4-A962F77C6C2D}"
EndProject
Global
	GlobalSection(SolutionConfigurationPlatforms) = preSolution
		Debug|Any CPU = Debug|Any CPU
		Release|Any CPU = Release|Any CPU
	EndGlobalSection
	GlobalSection(ProjectConfigurationPlatforms) = postSolution
		{04E03E87-EE9C-4705-91B4-A962F77C6C2D}.Debug|Any CPU.ActiveCfg = Debug|Any CPU
		{04E03E87-EE9C-4705-91B4-A962F77C6C2D}.Debug|Any CPU.Build.0 = Debug|Any CPU
		{04E03E87-EE9C-4705-91B4-A962F77C6C2D}.Release|Any CPU.ActiveCfg = Release|Any CPU
		{04E03E87-EE9C-4705-91B4-A962F77C6C2D}.Release|Any CPU.Build.0 = Release|Any CPU
	EndGlobalSection
	GlobalSection(SolutionProperties) = preSolution
		HideSolutionNode = FALSE
	EndGlobalSection
	GlobalSection(ExtensibilityGlobals) = postSolution
		SolutionGuid = {D5BCA7E4-183A-49F7-92B3-4C30A5F1904E}
	EndGlobalSection
EndGlobal
